
Microsoft Visual Studio Solution File, Format Version 12.00
# Visual Studio Version 16
VisualStudioVersion = 16.0.30804.86
MinimumVisualStudioVersion = 10.0.40219.1
Project("{8BC9CEB8-8B4A-11D0-8D11-00A0C91BC942}") = "Gemini", "Gemini.vcxproj", "{60D62479-D9A9-4D85-B47E-2468E8133066}"
EndProject
Global
	GlobalSection(SolutionConfigurationPlatforms) = preSolution
		Debug|x86 = Debug|x86
		Release|x86 = Release|x86
	EndGlobalSection
	GlobalSection(ProjectConfigurationPlatforms) = postSolution
		{60D62479-D9A9-4D85-B47E-2468E8133066}.Debug|x86.ActiveCfg = Debug|Win32
		{60D62479-D9A9-4D85-B47E-2468E8133066}.Debug|x86.Build.0 = Debug|Win32
		{60D62479-D9A9-4D85-B47E-2468E8133066}.Release|x86.ActiveCfg = Release|Win32
		{60D62479-D9A9-4D85-B47E-2468E8133066}.Release|x86.Build.0 = Release|Win32
	EndGlobalSection
	GlobalSection(SolutionProperties) = preSolution
		HideSolutionNode = FALSE
	EndGlobalSection
	GlobalSection(ExtensibilityGlobals) = postSolution
		SolutionGuid = {B58E8B88-16B8-400B-BDAB-D93E23D207F4}
	EndGlobalSection
EndGlobal
